// !$*UTF8*$!
{
	archiveVersion = 1;
	classes = {
	};
	objectVersion = 55;
	objects = {

/* Begin PBXBuildFile section */
		02F0F4FD28C6E3E900D453CE /* Tests_iOS.swift in Sources */ = {isa = PBXBuildFile; fileRef = 02F0F4FC28C6E3E900D453CE /* Tests_iOS.swift */; };
		02F0F4FF28C6E3E900D453CE /* Tests_iOSLaunchTests.swift in Sources */ = {isa = PBXBuildFile; fileRef = 02F0F4FE28C6E3E900D453CE /* Tests_iOSLaunchTests.swift */; };
		02F0F50928C6E3E900D453CE /* Tests_macOS.swift in Sources */ = {isa = PBXBuildFile; fileRef = 02F0F50828C6E3E900D453CE /* Tests_macOS.swift */; };
		02F0F50B28C6E3E900D453CE /* Tests_macOSLaunchTests.swift in Sources */ = {isa = PBXBuildFile; fileRef = 02F0F50A28C6E3E900D453CE /* Tests_macOSLaunchTests.swift */; };
		02F0F50C28C6E3E900D453CE /* Decision_MakerApp.swift in Sources */ = {isa = PBXBuildFile; fileRef = 02F0F4E428C6E3E800D453CE /* Decision_MakerApp.swift */; };
		02F0F50D28C6E3E900D453CE /* Decision_MakerApp.swift in Sources */ = {isa = PBXBuildFile; fileRef = 02F0F4E428C6E3E800D453CE /* Decision_MakerApp.swift */; };
		02F0F50E28C6E3E900D453CE /* ContentView.swift in Sources */ = {isa = PBXBuildFile; fileRef = 02F0F4E528C6E3E800D453CE /* ContentView.swift */; };
		02F0F50F28C6E3E900D453CE /* ContentView.swift in Sources */ = {isa = PBXBuildFile; fileRef = 02F0F4E528C6E3E800D453CE /* ContentView.swift */; };
		02F0F51028C6E3E900D453CE /* Assets.xcassets in Resources */ = {isa = PBXBuildFile; fileRef = 02F0F4E628C6E3E900D453CE /* Assets.xcassets */; };
		02F0F51128C6E3E900D453CE /* Assets.xcassets in Resources */ = {isa = PBXBuildFile; fileRef = 02F0F4E628C6E3E900D453CE /* Assets.xcassets */; };
/* End PBXBuildFile section */

/* Begin PBXContainerItemProxy section */
		02F0F4F928C6E3E900D453CE /* PBXContainerItemProxy */ = {
			isa = PBXContainerItemProxy;
			containerPortal = 02F0F4DF28C6E3E800D453CE /* Project object */;
			proxyType = 1;
			remoteGlobalIDString = 02F0F4EA28C6E3E900D453CE;
			remoteInfo = "Decision Maker (iOS)";
		};
		02F0F50528C6E3E900D453CE /* PBXContainerItemProxy */ = {
			isa = PBXContainerItemProxy;
			containerPortal = 02F0F4DF28C6E3E800D453CE /* Project object */;
			proxyType = 1;
			remoteGlobalIDString = 02F0F4F028C6E3E900D453CE;
			remoteInfo = "Decision Maker (macOS)";
		};
/* End PBXContainerItemProxy section */

/* Begin PBXFileReference section */
		02F0F4E428C6E3E800D453CE /* Decision_MakerApp.swift */ = {isa = PBXFileReference; lastKnownFileType = sourcecode.swift; path = Decision_MakerApp.swift; sourceTree = "<group>"; };
		02F0F4E528C6E3E800D453CE /* ContentView.swift */ = {isa = PBXFileReference; lastKnownFileType = sourcecode.swift; path = ContentView.swift; sourceTree = "<group>"; };
		02F0F4E628C6E3E900D453CE /* Assets.xcassets */ = {isa = PBXFileReference; lastKnownFileType = folder.assetcatalog; path = Assets.xcassets; sourceTree = "<group>"; };
		02F0F4EB28C6E3E900D453CE /* Decision Maker.app */ = {isa = PBXFileReference; explicitFileType = wrapper.application; includeInIndex = 0; path = "Decision Maker.app"; sourceTree = BUILT_PRODUCTS_DIR; };
		02F0F4F128C6E3E900D453CE /* Decision Maker.app */ = {isa = PBXFileReference; explicitFileType = wrapper.application; includeInIndex = 0; path = "Decision Maker.app"; sourceTree = BUILT_PRODUCTS_DIR; };
		02F0F4F328C6E3E900D453CE /* macOS.entitlements */ = {isa = PBXFileReference; lastKnownFileType = text.plist.entitlements; path = macOS.entitlements; sourceTree = "<group>"; };
		02F0F4F828C6E3E900D453CE /* Tests iOS.xctest */ = {isa = PBXFileReference; explicitFileType = wrapper.cfbundle; includeInIndex = 0; path = "Tests iOS.xctest"; sourceTree = BUILT_PRODUCTS_DIR; };
		02F0F4FC28C6E3E900D453CE /* Tests_iOS.swift */ = {isa = PBXFileReference; lastKnownFileType = sourcecode.swift; path = Tests_iOS.swift; sourceTree = "<group>"; };
		02F0F4FE28C6E3E900D453CE /* Tests_iOSLaunchTests.swift */ = {isa = PBXFileReference; lastKnownFileType = sourcecode.swift; path = Tests_iOSLaunchTests.swift; sourceTree = "<group>"; };
		02F0F50428C6E3E900D453CE /* Tests macOS.xctest */ = {isa = PBXFileReference; explicitFileType = wrapper.cfbundle; includeInIndex = 0; path = "Tests macOS.xctest"; sourceTree = BUILT_PRODUCTS_DIR; };
		02F0F50828C6E3E900D453CE /* Tests_macOS.swift */ = {isa = PBXFileReference; lastKnownFileType = sourcecode.swift; path = Tests_macOS.swift; sourceTree = "<group>"; };
		02F0F50A28C6E3E900D453CE /* Tests_macOSLaunchTests.swift */ = {isa = PBXFileReference; lastKnownFileType = sourcecode.swift; path = Tests_macOSLaunchTests.swift; sourceTree = "<group>"; };
/* End PBXFileReference section */

/* Begin PBXFrameworksBuildPhase section */
		02F0F4E828C6E3E900D453CE /* Frameworks */ = {
			isa = PBXFrameworksBuildPhase;
			buildActionMask = 2147483647;
			files = (
			);
			runOnlyForDeploymentPostprocessing = 0;
		};
		02F0F4EE28C6E3E900D453CE /* Frameworks */ = {
			isa = PBXFrameworksBuildPhase;
			buildActionMask = 2147483647;
			files = (
			);
			runOnlyForDeploymentPostprocessing = 0;
		};
		02F0F4F528C6E3E900D453CE /* Frameworks */ = {
			isa = PBXFrameworksBuildPhase;
			buildActionMask = 2147483647;
			files = (
			);
			runOnlyForDeploymentPostprocessing = 0;
		};
		02F0F50128C6E3E900D453CE /* Frameworks */ = {
			isa = PBXFrameworksBuildPhase;
			buildActionMask = 2147483647;
			files = (
			);
			runOnlyForDeploymentPostprocessing = 0;
		};
/* End PBXFrameworksBuildPhase section */

/* Begin PBXGroup section */
		02F0F4DE28C6E3E800D453CE = {
			isa = PBXGroup;
			children = (
				02F0F4E328C6E3E800D453CE /* Shared */,
				02F0F4F228C6E3E900D453CE /* macOS */,
				02F0F4FB28C6E3E900D453CE /* Tests iOS */,
				02F0F50728C6E3E900D453CE /* Tests macOS */,
				02F0F4EC28C6E3E900D453CE /* Products */,
			);
			sourceTree = "<group>";
		};
		02F0F4E328C6E3E800D453CE /* Shared */ = {
			isa = PBXGroup;
			children = (
				02F0F4E428C6E3E800D453CE /* Decision_MakerApp.swift */,
				02F0F4E528C6E3E800D453CE /* ContentView.swift */,
				02F0F4E628C6E3E900D453CE /* Assets.xcassets */,
			);
			path = Shared;
			sourceTree = "<group>";
		};
		02F0F4EC28C6E3E900D453CE /* Products */ = {
			isa = PBXGroup;
			children = (
				02F0F4EB28C6E3E900D453CE /* Decision Maker.app */,
				02F0F4F128C6E3E900D453CE /* Decision Maker.app */,
				02F0F4F828C6E3E900D453CE /* Tests iOS.xctest */,
				02F0F50428C6E3E900D453CE /* Tests macOS.xctest */,
			);
			name = Products;
			sourceTree = "<group>";
		};
		02F0F4F228C6E3E900D453CE /* macOS */ = {
			isa = PBXGroup;
			children = (
				02F0F4F328C6E3E900D453CE /* macOS.entitlements */,
			);
			path = macOS;
			sourceTree = "<group>";
		};
		02F0F4FB28C6E3E900D453CE /* Tests iOS */ = {
			isa = PBXGroup;
			children = (
				02F0F4FC28C6E3E900D453CE /* Tests_iOS.swift */,
				02F0F4FE28C6E3E900D453CE /* Tests_iOSLaunchTests.swift */,
			);
			path = "Tests iOS";
			sourceTree = "<group>";
		};
		02F0F50728C6E3E900D453CE /* Tests macOS */ = {
			isa = PBXGroup;
			children = (
				02F0F50828C6E3E900D453CE /* Tests_macOS.swift */,
				02F0F50A28C6E3E900D453CE /* Tests_macOSLaunchTests.swift */,
			);
			path = "Tests macOS";
			sourceTree = "<group>";
		};
/* End PBXGroup section */

/* Begin PBXNativeTarget section */
		02F0F4EA28C6E3E900D453CE /* Decision Maker (iOS) */ = {
			isa = PBXNativeTarget;
			buildConfigurationList = 02F0F51428C6E3E900D453CE /* Build configuration list for PBXNativeTarget "Decision Maker (iOS)" */;
			buildPhases = (
				02F0F4E728C6E3E900D453CE /* Sources */,
				02F0F4E828C6E3E900D453CE /* Frameworks */,
				02F0F4E928C6E3E900D453CE /* Resources */,
			);
			buildRules = (
			);
			dependencies = (
			);
			name = "Decision Maker (iOS)";
			productName = "Decision Maker (iOS)";
			productReference = 02F0F4EB28C6E3E900D453CE /* Decision Maker.app */;
			productType = "com.apple.product-type.application";
		};
		02F0F4F028C6E3E900D453CE /* Decision Maker (macOS) */ = {
			isa = PBXNativeTarget;
			buildConfigurationList = 02F0F51728C6E3E900D453CE /* Build configuration list for PBXNativeTarget "Decision Maker (macOS)" */;
			buildPhases = (
				02F0F4ED28C6E3E900D453CE /* Sources */,
				02F0F4EE28C6E3E900D453CE /* Frameworks */,
				02F0F4EF28C6E3E900D453CE /* Resources */,
			);
			buildRules = (
			);
			dependencies = (
			);
			name = "Decision Maker (macOS)";
			productName = "Decision Maker (macOS)";
			productReference = 02F0F4F128C6E3E900D453CE /* Decision Maker.app */;
			productType = "com.apple.product-type.application";
		};
		02F0F4F728C6E3E900D453CE /* Tests iOS */ = {
			isa = PBXNativeTarget;
			buildConfigurationList = 02F0F51A28C6E3E900D453CE /* Build configuration list for PBXNativeTarget "Tests iOS" */;
			buildPhases = (
				02F0F4F428C6E3E900D453CE /* Sources */,
				02F0F4F528C6E3E900D453CE /* Frameworks */,
				02F0F4F628C6E3E900D453CE /* Resources */,
			);
			buildRules = (
			);
			dependencies = (
				02F0F4FA28C6E3E900D453CE /* PBXTargetDependency */,
			);
			name = "Tests iOS";
			productName = "Tests iOS";
			productReference = 02F0F4F828C6E3E900D453CE /* Tests iOS.xctest */;
			productType = "com.apple.product-type.bundle.ui-testing";
		};
		02F0F50328C6E3E900D453CE /* Tests macOS */ = {
			isa = PBXNativeTarget;
			buildConfigurationList = 02F0F51D28C6E3E900D453CE /* Build configuration list for PBXNativeTarget "Tests macOS" */;
			buildPhases = (
				02F0F50028C6E3E900D453CE /* Sources */,
				02F0F50128C6E3E900D453CE /* Frameworks */,
				02F0F50228C6E3E900D453CE /* Resources */,
			);
			buildRules = (
			);
			dependencies = (
				02F0F50628C6E3E900D453CE /* PBXTargetDependency */,
			);
			name = "Tests macOS";
			productName = "Tests macOS";
			productReference = 02F0F50428C6E3E900D453CE /* Tests macOS.xctest */;
			productType = "com.apple.product-type.bundle.ui-testing";
		};
/* End PBXNativeTarget section */

/* Begin PBXProject section */
		02F0F4DF28C6E3E800D453CE /* Project object */ = {
			isa = PBXProject;
			attributes = {
				BuildIndependentTargetsInParallel = 1;
				LastSwiftUpdateCheck = 1340;
				LastUpgradeCheck = 1340;
				TargetAttributes = {
					02F0F4EA28C6E3E900D453CE = {
						CreatedOnToolsVersion = 13.4.1;
					};
					02F0F4F028C6E3E900D453CE = {
						CreatedOnToolsVersion = 13.4.1;
					};
					02F0F4F728C6E3E900D453CE = {
						CreatedOnToolsVersion = 13.4.1;
						TestTargetID = 02F0F4EA28C6E3E900D453CE;
					};
					02F0F50328C6E3E900D453CE = {
						CreatedOnToolsVersion = 13.4.1;
						TestTargetID = 02F0F4F028C6E3E900D453CE;
					};
				};
			};
			buildConfigurationList = 02F0F4E228C6E3E800D453CE /* Build configuration list for PBXProject "Decision Maker" */;
			compatibilityVersion = "Xcode 13.0";
			developmentRegion = en;
			hasScannedForEncodings = 0;
			knownRegions = (
				en,
				Base,
			);
			mainGroup = 02F0F4DE28C6E3E800D453CE;
			productRefGroup = 02F0F4EC28C6E3E900D453CE /* Products */;
			projectDirPath = "";
			projectRoot = "";
			targets = (
				02F0F4EA28C6E3E900D453CE /* Decision Maker (iOS) */,
				02F0F4F028C6E3E900D453CE /* Decision Maker (macOS) */,
				02F0F4F728C6E3E900D453CE /* Tests iOS */,
				02F0F50328C6E3E900D453CE /* Tests macOS */,
			);
		};
/* End PBXProject section */

/* Begin PBXResourcesBuildPhase section */
		02F0F4E928C6E3E900D453CE /* Resources */ = {
			isa = PBXResourcesBuildPhase;
			buildActionMask = 2147483647;
			files = (
				02F0F51028C6E3E900D453CE /* Assets.xcassets in Resources */,
			);
			runOnlyForDeploymentPostprocessing = 0;
		};
		02F0F4EF28C6E3E900D453CE /* Resources */ = {
			isa = PBXResourcesBuildPhase;
			buildActionMask = 2147483647;
			files = (
				02F0F51128C6E3E900D453CE /* Assets.xcassets in Resources */,
			);
			runOnlyForDeploymentPostprocessing = 0;
		};
		02F0F4F628C6E3E900D453CE /* Resources */ = {
			isa = PBXResourcesBuildPhase;
			buildActionMask = 2147483647;
			files = (
			);
			runOnlyForDeploymentPostprocessing = 0;
		};
		02F0F50228C6E3E900D453CE /* Resources */ = {
			isa = PBXResourcesBuildPhase;
			buildActionMask = 2147483647;
			files = (
			);
			runOnlyForDeploymentPostprocessing = 0;
		};
/* End PBXResourcesBuildPhase section */

/* Begin PBXSourcesBuildPhase section */
		02F0F4E728C6E3E900D453CE /* Sources */ = {
			isa = PBXSourcesBuildPhase;
			buildActionMask = 2147483647;
			files = (
				02F0F50E28C6E3E900D453CE /* ContentView.swift in Sources */,
				02F0F50C28C6E3E900D453CE /* Decision_MakerApp.swift in Sources */,
			);
			runOnlyForDeploymentPostprocessing = 0;
		};
		02F0F4ED28C6E3E900D453CE /* Sources */ = {
			isa = PBXSourcesBuildPhase;
			buildActionMask = 2147483647;
			files = (
				02F0F50F28C6E3E900D453CE /* ContentView.swift in Sources */,
				02F0F50D28C6E3E900D453CE /* Decision_MakerApp.swift in Sources */,
			);
			runOnlyForDeploymentPostprocessing = 0;
		};
		02F0F4F428C6E3E900D453CE /* Sources */ = {
			isa = PBXSourcesBuildPhase;
			buildActionMask = 2147483647;
			files = (
				02F0F4FF28C6E3E900D453CE /* Tests_iOSLaunchTests.swift in Sources */,
				02F0F4FD28C6E3E900D453CE /* Tests_iOS.swift in Sources */,
			);
			runOnlyForDeploymentPostprocessing = 0;
		};
		02F0F50028C6E3E900D453CE /* Sources */ = {
			isa = PBXSourcesBuildPhase;
			buildActionMask = 2147483647;
			files = (
				02F0F50B28C6E3E900D453CE /* Tests_macOSLaunchTests.swift in Sources */,
				02F0F50928C6E3E900D453CE /* Tests_macOS.swift in Sources */,
			);
			runOnlyForDeploymentPostprocessing = 0;
		};
/* End PBXSourcesBuildPhase section */

/* Begin PBXTargetDependency section */
		02F0F4FA28C6E3E900D453CE /* PBXTargetDependency */ = {
			isa = PBXTargetDependency;
			target = 02F0F4EA28C6E3E900D453CE /* Decision Maker (iOS) */;
			targetProxy = 02F0F4F928C6E3E900D453CE /* PBXContainerItemProxy */;
		};
		02F0F50628C6E3E900D453CE /* PBXTargetDependency */ = {
			isa = PBXTargetDependency;
			target = 02F0F4F028C6E3E900D453CE /* Decision Maker (macOS) */;
			targetProxy = 02F0F50528C6E3E900D453CE /* PBXContainerItemProxy */;
		};
/* End PBXTargetDependency section */

/* Begin XCBuildConfiguration section */
		02F0F51228C6E3E900D453CE /* Debug */ = {
			isa = XCBuildConfiguration;
			buildSettings = {
				ALWAYS_SEARCH_USER_PATHS = NO;
				CLANG_ANALYZER_NONNULL = YES;
				CLANG_ANALYZER_NUMBER_OBJECT_CONVERSION = YES_AGGRESSIVE;
				CLANG_CXX_LANGUAGE_STANDARD = "gnu++17";
				CLANG_ENABLE_MODULES = YES;
				CLANG_ENABLE_OBJC_ARC = YES;
				CLANG_ENABLE_OBJC_WEAK = YES;
				CLANG_WARN_BLOCK_CAPTURE_AUTORELEASING = YES;
				CLANG_WARN_BOOL_CONVERSION = YES;
				CLANG_WARN_COMMA = YES;
				CLANG_WARN_CONSTANT_CONVERSION = YES;
				CLANG_WARN_DEPRECATED_OBJC_IMPLEMENTATIONS = YES;
				CLANG_WARN_DIRECT_OBJC_ISA_USAGE = YES_ERROR;
				CLANG_WARN_DOCUMENTATION_COMMENTS = YES;
				CLANG_WARN_EMPTY_BODY = YES;
				CLANG_WARN_ENUM_CONVERSION = YES;
				CLANG_WARN_INFINITE_RECURSION = YES;
				CLANG_WARN_INT_CONVERSION = YES;
				CLANG_WARN_NON_LITERAL_NULL_CONVERSION = YES;
				CLANG_WARN_OBJC_IMPLICIT_RETAIN_SELF = YES;
				CLANG_WARN_OBJC_LITERAL_CONVERSION = YES;
				CLANG_WARN_OBJC_ROOT_CLASS = YES_ERROR;
				CLANG_WARN_QUOTED_INCLUDE_IN_FRAMEWORK_HEADER = YES;
				CLANG_WARN_RANGE_LOOP_ANALYSIS = YES;
				CLANG_WARN_STRICT_PROTOTYPES = YES;
				CLANG_WARN_SUSPICIOUS_MOVE = YES;
				CLANG_WARN_UNGUARDED_AVAILABILITY = YES_AGGRESSIVE;
				CLANG_WARN_UNREACHABLE_CODE = YES;
				CLANG_WARN__DUPLICATE_METHOD_MATCH = YES;
				COPY_PHASE_STRIP = NO;
				DEBUG_INFORMATION_FORMAT = dwarf;
				ENABLE_STRICT_OBJC_MSGSEND = YES;
				ENABLE_TESTABILITY = YES;
				GCC_C_LANGUAGE_STANDARD = gnu11;
				GCC_DYNAMIC_NO_PIC = NO;
				GCC_NO_COMMON_BLOCKS = YES;
				GCC_OPTIMIZATION_LEVEL = 0;
				GCC_PREPROCESSOR_DEFINITIONS = (
					"DEBUG=1",
					"$(inherited)",
				);
				GCC_WARN_64_TO_32_BIT_CONVERSION = YES;
				GCC_WARN_ABOUT_RETURN_TYPE = YES_ERROR;
				GCC_WARN_UNDECLARED_SELECTOR = YES;
				GCC_WARN_UNINITIALIZED_AUTOS = YES_AGGRESSIVE;
				GCC_WARN_UNUSED_FUNCTION = YES;
				GCC_WARN_UNUSED_VARIABLE = YES;
				MTL_ENABLE_DEBUG_INFO = INCLUDE_SOURCE;
				MTL_FAST_MATH = YES;
				ONLY_ACTIVE_ARCH = YES;
				SWIFT_ACTIVE_COMPILATION_CONDITIONS = DEBUG;
				SWIFT_OPTIMIZATION_LEVEL = "-Onone";
			};
			name = Debug;
		};
		02F0F51328C6E3E900D453CE /* Release */ = {
			isa = XCBuildConfiguration;
			buildSettings = {
				ALWAYS_SEARCH_USER_PATHS = NO;
				CLANG_ANALYZER_NONNULL = YES;
				CLANG_ANALYZER_NUMBER_OBJECT_CONVERSION = YES_AGGRESSIVE;
				CLANG_CXX_LANGUAGE_STANDARD = "gnu++17";
				CLANG_ENABLE_MODULES = YES;
				CLANG_ENABLE_OBJC_ARC = YES;
				CLANG_ENABLE_OBJC_WEAK = YES;
				CLANG_WARN_BLOCK_CAPTURE_AUTORELEASING = YES;
				CLANG_WARN_BOOL_CONVERSION = YES;
				CLANG_WARN_COMMA = YES;
				CLANG_WARN_CONSTANT_CONVERSION = YES;
				CLANG_WARN_DEPRECATED_OBJC_IMPLEMENTATIONS = YES;
				CLANG_WARN_DIRECT_OBJC_ISA_USAGE = YES_ERROR;
				CLANG_WARN_DOCUMENTATION_COMMENTS = YES;
				CLANG_WARN_EMPTY_BODY = YES;
				CLANG_WARN_ENUM_CONVERSION = YES;
				CLANG_WARN_INFINITE_RECURSION = YES;
				CLANG_WARN_INT_CONVERSION = YES;
				CLANG_WARN_NON_LITERAL_NULL_CONVERSION = YES;
				CLANG_WARN_OBJC_IMPLICIT_RETAIN_SELF = YES;
				CLANG_WARN_OBJC_LITERAL_CONVERSION = YES;
				CLANG_WARN_OBJC_ROOT_CLASS = YES_ERROR;
				CLANG_WARN_QUOTED_INCLUDE_IN_FRAMEWORK_HEADER = YES;
				CLANG_WARN_RANGE_LOOP_ANALYSIS = YES;
				CLANG_WARN_STRICT_PROTOTYPES = YES;
				CLANG_WARN_SUSPICIOUS_MOVE = YES;
				CLANG_WARN_UNGUARDED_AVAILABILITY = YES_AGGRESSIVE;
				CLANG_WARN_UNREACHABLE_CODE = YES;
				CLANG_WARN__DUPLICATE_METHOD_MATCH = YES;
				COPY_PHASE_STRIP = NO;
				DEBUG_INFORMATION_FORMAT = "dwarf-with-dsym";
				ENABLE_NS_ASSERTIONS = NO;
				ENABLE_STRICT_OBJC_MSGSEND = YES;
				GCC_C_LANGUAGE_STANDARD = gnu11;
				GCC_NO_COMMON_BLOCKS = YES;
				GCC_WARN_64_TO_32_BIT_CONVERSION = YES;
				GCC_WARN_ABOUT_RETURN_TYPE = YES_ERROR;
				GCC_WARN_UNDECLARED_SELECTOR = YES;
				GCC_WARN_UNINITIALIZED_AUTOS = YES_AGGRESSIVE;
				GCC_WARN_UNUSED_FUNCTION = YES;
				GCC_WARN_UNUSED_VARIABLE = YES;
				MTL_ENABLE_DEBUG_INFO = NO;
				MTL_FAST_MATH = YES;
				SWIFT_COMPILATION_MODE = wholemodule;
				SWIFT_OPTIMIZATION_LEVEL = "-O";
			};
			name = Release;
		};
		02F0F51528C6E3E900D453CE /* Debug */ = {
			isa = XCBuildConfiguration;
			buildSettings = {
				ASSETCATALOG_COMPILER_APPICON_NAME = AppIcon;
				ASSETCATALOG_COMPILER_GLOBAL_ACCENT_COLOR_NAME = AccentColor;
				CODE_SIGN_STYLE = Automatic;
				CURRENT_PROJECT_VERSION = 1;
				ENABLE_PREVIEWS = YES;
				GENERATE_INFOPLIST_FILE = YES;
				INFOPLIST_KEY_UIApplicationSceneManifest_Generation = YES;
				INFOPLIST_KEY_UIApplicationSupportsIndirectInputEvents = YES;
				INFOPLIST_KEY_UILaunchScreen_Generation = YES;
				INFOPLIST_KEY_UISupportedInterfaceOrientations_iPad = "UIInterfaceOrientationPortrait UIInterfaceOrientationPortraitUpsideDown UIInterfaceOrientationLandscapeLeft UIInterfaceOrientationLandscapeRight";
				INFOPLIST_KEY_UISupportedInterfaceOrientations_iPhone = "UIInterfaceOrientationPortrait UIInterfaceOrientationLandscapeLeft UIInterfaceOrientationLandscapeRight";
				IPHONEOS_DEPLOYMENT_TARGET = 15.5;
				LD_RUNPATH_SEARCH_PATHS = (
					"$(inherited)",
					"@executable_path/Frameworks",
				);
				MARKETING_VERSION = 1.0;
				PRODUCT_BUNDLE_IDENTIFIER = "xyz.aerasto.Decision-Maker";
				PRODUCT_NAME = "Decision Maker";
				SDKROOT = iphoneos;
				SWIFT_EMIT_LOC_STRINGS = YES;
				SWIFT_VERSION = 5.0;
				TARGETED_DEVICE_FAMILY = "1,2";
			};
			name = Debug;
		};
		02F0F51628C6E3E900D453CE /* Release */ = {
			isa = XCBuildConfiguration;
			buildSettings = {
				ASSETCATALOG_COMPILER_APPICON_NAME = AppIcon;
				ASSETCATALOG_COMPILER_GLOBAL_ACCENT_COLOR_NAME = AccentColor;
				CODE_SIGN_STYLE = Automatic;
				CURRENT_PROJECT_VERSION = 1;
				ENABLE_PREVIEWS = YES;
				GENERATE_INFOPLIST_FILE = YES;
				INFOPLIST_KEY_UIApplicationSceneManifest_Generation = YES;
				INFOPLIST_KEY_UIApplicationSupportsIndirectInputEvents = YES;
				INFOPLIST_KEY_UILaunchScreen_Generation = YES;
				INFOPLIST_KEY_UISupportedInterfaceOrientations_iPad = "UIInterfaceOrientationPortrait UIInterfaceOrientationPortraitUpsideDown UIInterfaceOrientationLandscapeLeft UIInterfaceOrientationLandscapeRight";
				INFOPLIST_KEY_UISupportedInterfaceOrientations_iPhone = "UIInterfaceOrientationPortrait UIInterfaceOrientationLandscapeLeft UIInterfaceOrientationLandscapeRight";
				IPHONEOS_DEPLOYMENT_TARGET = 15.5;
				LD_RUNPATH_SEARCH_PATHS = (
					"$(inherited)",
					"@executable_path/Frameworks",
				);
				MARKETING_VERSION = 1.0;
				PRODUCT_BUNDLE_IDENTIFIER = "xyz.aerasto.Decision-Maker";
				PRODUCT_NAME = "Decision Maker";
				SDKROOT = iphoneos;
				SWIFT_EMIT_LOC_STRINGS = YES;
				SWIFT_VERSION = 5.0;
				TARGETED_DEVICE_FAMILY = "1,2";
				VALIDATE_PRODUCT = YES;
			};
			name = Release;
		};
		02F0F51828C6E3E900D453CE /* Debug */ = {
			isa = XCBuildConfiguration;
			buildSettings = {
				ASSETCATALOG_COMPILER_APPICON_NAME = AppIcon;
				ASSETCATALOG_COMPILER_GLOBAL_ACCENT_COLOR_NAME = AccentColor;
				CODE_SIGN_ENTITLEMENTS = macOS/macOS.entitlements;
				CODE_SIGN_STYLE = Automatic;
				COMBINE_HIDPI_IMAGES = YES;
				CURRENT_PROJECT_VERSION = 1;
				ENABLE_PREVIEWS = YES;
				GENERATE_INFOPLIST_FILE = YES;
				INFOPLIST_KEY_NSHumanReadableCopyright = "";
				LD_RUNPATH_SEARCH_PATHS = (
					"$(inherited)",
					"@executable_path/../Frameworks",
				);
				MACOSX_DEPLOYMENT_TARGET = 12.3;
				MARKETING_VERSION = 1.0;
				PRODUCT_BUNDLE_IDENTIFIER = "xyz.aerasto.Decision-Maker";
				PRODUCT_NAME = "Decision Maker";
				SDKROOT = macosx;
				SWIFT_EMIT_LOC_STRINGS = YES;
				SWIFT_VERSION = 5.0;
			};
			name = Debug;
		};
		02F0F51928C6E3E900D453CE /* Release */ = {
			isa = XCBuildConfiguration;
			buildSettings = {
				ASSETCATALOG_COMPILER_APPICON_NAME = AppIcon;
				ASSETCATALOG_COMPILER_GLOBAL_ACCENT_COLOR_NAME = AccentColor;
				CODE_SIGN_ENTITLEMENTS = macOS/macOS.entitlements;
				CODE_SIGN_STYLE = Automatic;
				COMBINE_HIDPI_IMAGES = YES;
				CURRENT_PROJECT_VERSION = 1;
				ENABLE_PREVIEWS = YES;
				GENERATE_INFOPLIST_FILE = YES;
				INFOPLIST_KEY_NSHumanReadableCopyright = "";
				LD_RUNPATH_SEARCH_PATHS = (
					"$(inherited)",
					"@executable_path/../Frameworks",
				);
				MACOSX_DEPLOYMENT_TARGET = 12.3;
				MARKETING_VERSION = 1.0;
				PRODUCT_BUNDLE_IDENTIFIER = "xyz.aerasto.Decision-Maker";
				PRODUCT_NAME = "Decision Maker";
				SDKROOT = macosx;
				SWIFT_EMIT_LOC_STRINGS = YES;
				SWIFT_VERSION = 5.0;
			};
			name = Release;
		};
		02F0F51B28C6E3E900D453CE /* Debug */ = {
			isa = XCBuildConfiguration;
			buildSettings = {
				ALWAYS_EMBED_SWIFT_STANDARD_LIBRARIES = YES;
				CODE_SIGN_STYLE = Automatic;
				CURRENT_PROJECT_VERSION = 1;
				GENERATE_INFOPLIST_FILE = YES;
				IPHONEOS_DEPLOYMENT_TARGET = 15.5;
				MARKETING_VERSION = 1.0;
				PRODUCT_BUNDLE_IDENTIFIER = "xyz.aerasto.Tests-iOS";
				PRODUCT_NAME = "$(TARGET_NAME)";
				SDKROOT = iphoneos;
				SWIFT_EMIT_LOC_STRINGS = NO;
				SWIFT_VERSION = 5.0;
				TARGETED_DEVICE_FAMILY = "1,2";
				TEST_TARGET_NAME = "Decision Maker (iOS)";
			};
			name = Debug;
		};
		02F0F51C28C6E3E900D453CE /* Release */ = {
			isa = XCBuildConfiguration;
			buildSettings = {
				ALWAYS_EMBED_SWIFT_STANDARD_LIBRARIES = YES;
				CODE_SIGN_STYLE = Automatic;
				CURRENT_PROJECT_VERSION = 1;
				GENERATE_INFOPLIST_FILE = YES;
				IPHONEOS_DEPLOYMENT_TARGET = 15.5;
				MARKETING_VERSION = 1.0;
				PRODUCT_BUNDLE_IDENTIFIER = "xyz.aerasto.Tests-iOS";
				PRODUCT_NAME = "$(TARGET_NAME)";
				SDKROOT = iphoneos;
				SWIFT_EMIT_LOC_STRINGS = NO;
				SWIFT_VERSION = 5.0;
				TARGETED_DEVICE_FAMILY = "1,2";
				TEST_TARGET_NAME = "Decision Maker (iOS)";
				VALIDATE_PRODUCT = YES;
			};
			name = Release;
		};
		02F0F51E28C6E3E900D453CE /* Debug */ = {
			isa = XCBuildConfiguration;
			buildSettings = {
				ALWAYS_EMBED_SWIFT_STANDARD_LIBRARIES = YES;
				CODE_SIGN_STYLE = Automatic;
				CURRENT_PROJECT_VERSION = 1;
				GENERATE_INFOPLIST_FILE = YES;
				MACOSX_DEPLOYMENT_TARGET = 12.3;
				MARKETING_VERSION = 1.0;
				PRODUCT_BUNDLE_IDENTIFIER = "xyz.aerasto.Tests-macOS";
				PRODUCT_NAME = "$(TARGET_NAME)";
				SDKROOT = macosx;
				SWIFT_EMIT_LOC_STRINGS = NO;
				SWIFT_VERSION = 5.0;
				TEST_TARGET_NAME = "Decision Maker (macOS)";
			};
			name = Debug;
		};
		02F0F51F28C6E3E900D453CE /* Release */ = {
			isa = XCBuildConfiguration;
			buildSettings = {
				ALWAYS_EMBED_SWIFT_STANDARD_LIBRARIES = YES;
				CODE_SIGN_STYLE = Automatic;
				CURRENT_PROJECT_VERSION = 1;
				GENERATE_INFOPLIST_FILE = YES;
				MACOSX_DEPLOYMENT_TARGET = 12.3;
				MARKETING_VERSION = 1.0;
				PRODUCT_BUNDLE_IDENTIFIER = "xyz.aerasto.Tests-macOS";
				PRODUCT_NAME = "$(TARGET_NAME)";
				SDKROOT = macosx;
				SWIFT_EMIT_LOC_STRINGS = NO;
				SWIFT_VERSION = 5.0;
				TEST_TARGET_NAME = "Decision Maker (macOS)";
			};
			name = Release;
		};
/* End XCBuildConfiguration section */

/* Begin XCConfigurationList section */
		02F0F4E228C6E3E800D453CE /* Build configuration list for PBXProject "Decision Maker" */ = {
			isa = XCConfigurationList;
			buildConfigurations = (
				02F0F51228C6E3E900D453CE /* Debug */,
				02F0F51328C6E3E900D453CE /* Release */,
			);
			defaultConfigurationIsVisible = 0;
			defaultConfigurationName = Release;
		};
		02F0F51428C6E3E900D453CE /* Build configuration list for PBXNativeTarget "Decision Maker (iOS)" */ = {
			isa = XCConfigurationList;
			buildConfigurations = (
				02F0F51528C6E3E900D453CE /* Debug */,
				02F0F51628C6E3E900D453CE /* Release */,
			);
			defaultConfigurationIsVisible = 0;
			defaultConfigurationName = Release;
		};
		02F0F51728C6E3E900D453CE /* Build configuration list for PBXNativeTarget "Decision Maker (macOS)" */ = {
			isa = XCConfigurationList;
			buildConfigurations = (
				02F0F51828C6E3E900D453CE /* Debug */,
				02F0F51928C6E3E900D453CE /* Release */,
			);
			defaultConfigurationIsVisible = 0;
			defaultConfigurationName = Release;
		};
		02F0F51A28C6E3E900D453CE /* Build configuration list for PBXNativeTarget "Tests iOS" */ = {
			isa = XCConfigurationList;
			buildConfigurations = (
				02F0F51B28C6E3E900D453CE /* Debug */,
				02F0F51C28C6E3E900D453CE /* Release */,
			);
			defaultConfigurationIsVisible = 0;
			defaultConfigurationName = Release;
		};
		02F0F51D28C6E3E900D453CE /* Build configuration list for PBXNativeTarget "Tests macOS" */ = {
			isa = XCConfigurationList;
			buildConfigurations = (
				02F0F51E28C6E3E900D453CE /* Debug */,
				02F0F51F28C6E3E900D453CE /* Release */,
			);
			defaultConfigurationIsVisible = 0;
			defaultConfigurationName = Release;
		};
/* End XCConfigurationList section */
	};
	rootObject = 02F0F4DF28C6E3E800D453CE /* Project object */;
}
